
Microsoft Visual Studio Solution File, Format Version 12.00
# Visual Studio Version 16
VisualStudioVersion = 16.0.32510.428
MinimumVisualStudioVersion = 10.0.40219.1
Project("{FAE04EC0-301F-11D3-BF4B-00C04F79EFBC}") = "FactoryPluralSight", "FactoryPluralSight\FactoryPluralSight.csproj", "{6E9AE706-8B7E-4ECA-8E04-2D2151E7A935}"
EndProject
Project("{FAE04EC0-301F-11D3-BF4B-00C04F79EFBC}") = "DAL", "DAL\DAL.csproj", "{E8262620-9374-433F-9FAC-D41402A313C4}"
EndProject
Project("{FAE04EC0-301F-11D3-BF4B-00C04F79EFBC}") = "Repositories", "Repositories\Repositories.csproj", "{59C910F4-D629-4BAC-AD00-1132459CF06C}"
EndProject
Project("{FAE04EC0-301F-11D3-BF4B-00C04F79EFBC}") = "Entities", "Entities\Entities.csproj", "{C370FB0B-FDF6-4773-BF66-CA04CE02BF50}"
EndProject
Project("{FAE04EC0-301F-11D3-BF4B-00C04F79EFBC}") = "WebApp", "WebApp\WebApp.csproj", "{BAD6DBC0-1CE2-4ABB-B102-A7ED2A52D70C}"
EndProject
Project("{FAE04EC0-301F-11D3-BF4B-00C04F79EFBC}") = "Experiments", "Experiments\Experiments.csproj", "{64413682-BDBE-40BC-B8BD-01049E56BAAA}"
EndProject
Global
	GlobalSection(SolutionConfigurationPlatforms) = preSolution
		Debug|Any CPU = Debug|Any CPU
		Release|Any CPU = Release|Any CPU
	EndGlobalSection
	GlobalSection(ProjectConfigurationPlatforms) = postSolution
		{6E9AE706-8B7E-4ECA-8E04-2D2151E7A935}.Debug|Any CPU.ActiveCfg = Debug|Any CPU
		{6E9AE706-8B7E-4ECA-8E04-2D2151E7A935}.Debug|Any CPU.Build.0 = Debug|Any CPU
		{6E9AE706-8B7E-4ECA-8E04-2D2151E7A935}.Release|Any CPU.ActiveCfg = Release|Any CPU
		{6E9AE706-8B7E-4ECA-8E04-2D2151E7A935}.Release|Any CPU.Build.0 = Release|Any CPU
		{E8262620-9374-433F-9FAC-D41402A313C4}.Debug|Any CPU.ActiveCfg = Debug|Any CPU
		{E8262620-9374-433F-9FAC-D41402A313C4}.Debug|Any CPU.Build.0 = Debug|Any CPU
		{E8262620-9374-433F-9FAC-D41402A313C4}.Release|Any CPU.ActiveCfg = Release|Any CPU
		{E8262620-9374-433F-9FAC-D41402A313C4}.Release|Any CPU.Build.0 = Release|Any CPU
		{59C910F4-D629-4BAC-AD00-1132459CF06C}.Debug|Any CPU.ActiveCfg = Debug|Any CPU
		{59C910F4-D629-4BAC-AD00-1132459CF06C}.Debug|Any CPU.Build.0 = Debug|Any CPU
		{59C910F4-D629-4BAC-AD00-1132459CF06C}.Release|Any CPU.ActiveCfg = Release|Any CPU
		{59C910F4-D629-4BAC-AD00-1132459CF06C}.Release|Any CPU.Build.0 = Release|Any CPU
		{C370FB0B-FDF6-4773-BF66-CA04CE02BF50}.Debug|Any CPU.ActiveCfg = Debug|Any CPU
		{C370FB0B-FDF6-4773-BF66-CA04CE02BF50}.Debug|Any CPU.Build.0 = Debug|Any CPU
		{C370FB0B-FDF6-4773-BF66-CA04CE02BF50}.Release|Any CPU.ActiveCfg = Release|Any CPU
		{C370FB0B-FDF6-4773-BF66-CA04CE02BF50}.Release|Any CPU.Build.0 = Release|Any CPU
		{BAD6DBC0-1CE2-4ABB-B102-A7ED2A52D70C}.Debug|Any CPU.ActiveCfg = Debug|Any CPU
		{BAD6DBC0-1CE2-4ABB-B102-A7ED2A52D70C}.Debug|Any CPU.Build.0 = Debug|Any CPU
		{BAD6DBC0-1CE2-4ABB-B102-A7ED2A52D70C}.Release|Any CPU.ActiveCfg = Release|Any CPU
		{BAD6DBC0-1CE2-4ABB-B102-A7ED2A52D70C}.Release|Any CPU.Build.0 = Release|Any CPU
		{64413682-BDBE-40BC-B8BD-01049E56BAAA}.Debug|Any CPU.ActiveCfg = Debug|Any CPU
		{64413682-BDBE-40BC-B8BD-01049E56BAAA}.Debug|Any CPU.Build.0 = Debug|Any CPU
		{64413682-BDBE-40BC-B8BD-01049E56BAAA}.Release|Any CPU.ActiveCfg = Release|Any CPU
		{64413682-BDBE-40BC-B8BD-01049E56BAAA}.Release|Any CPU.Build.0 = Release|Any CPU
	EndGlobalSection
	GlobalSection(SolutionProperties) = preSolution
		HideSolutionNode = FALSE
	EndGlobalSection
	GlobalSection(ExtensibilityGlobals) = postSolution
		SolutionGuid = {8F974865-3131-4390-B1E0-135F55C1ED96}
	EndGlobalSection
EndGlobal
